PODS:
  - AFNetworking (4.0.1):
    - AFNetworking/NSURLSession (= 4.0.1)
    - AFNetworking/Reachability (= 4.0.1)
    - AFNetworking/Security (= 4.0.1)
    - AFNetworking/Serialization (= 4.0.1)
    - AFNetworking/UIKit (= 4.0.1)
  - AFNetworking/NSURLSession (4.0.1):
    - AFNetworking/Reachability
    - AFNetworking/Security
    - AFNetworking/Serialization
  - AFNetworking/Reachability (4.0.1)
  - AFNetworking/Security (4.0.1)
  - AFNetworking/Serialization (4.0.1)
  - AFNetworking/UIKit (4.0.1):
    - AFNetworking/NSURLSession
  - CTAssetsPickerController (3.3.1):
    - PureLayout (~> 3.0.0)
  - INTULocationManager (4.3.2)
  - MJExtension (3.4.1)
  - MJRefresh (3.7.5)
  - PureLayout (3.0.2)
  - SDWebImage (5.12.3):
    - SDWebImage/Core (= 5.12.3)
  - SDWebImage/Core (5.12.3)
  - SVProgressHUD (2.2.5)
  - SystemServices (2.0.1)
  - UMCommon (7.3.6):
    - UMDevice
  - UMDevice (2.2.1)
  - UMPush (4.0.2):
    - UMCommon
  - UMShare/Core (6.10.4):
    - UMCommon
  - UMShare/Social/ReducedWeChat (6.10.4):
    - UMCommon
    - UMShare/Core
  - UMShare/Social/WeChat (6.10.4):
    - UMCommon
    - UMShare/Core
    - UMShare/Social/ReducedWeChat
  - UMShare/UI (6.10.4):
    - UMCommon
    - UMShare/Core

DEPENDENCIES:
  - AFNetworking
  - CTAssetsPickerController
  - INTULocationManager
  - MJExtension
  - MJRefresh
  - SDWebImage
  - SVProgressHUD
  - SystemServices
  - UMCommon
  - UMDevice
  - UMPush
  - UMShare/Social/WeChat
  - UMShare/UI

SPEC REPOS:
  https://mirrors.tuna.tsinghua.edu.cn/git/CocoaPods/Specs.git:
    - AFNetworking
    - CTAssetsPickerController
    - INTULocationManager
    - MJExtension
    - MJRefresh
    - PureLayout
    - SDWebImage
    - SVProgressHUD
    - SystemServices
    - UMCommon
    - UMDevice
    - UMPush
    - UMShare

SPEC CHECKSUMS:
  AFNetworking: 7864c38297c79aaca1500c33288e429c3451fdce
  CTAssetsPickerController: e659c8a6dd0c430873c832a9bf16234810057bfa
  INTULocationManager: cb543d7393d1f9489d9345827c0ca00a3cc1e32f
  MJExtension: a90ab9155c6dbef5926d219d6f23dbe537f18c8e
  MJRefresh: c46186f86edfbea296926150111dd15f20f88ec7
  PureLayout: abc0cd1780b3ca207343a4abe365f09fdcc3a571
  SDWebImage: fe429e527c8b26c41a7d2ffb00c830f689425500
  SVProgressHUD: 083f84f3f3c9d4d021a0774eb13892379660f440
  SystemServices: 7af348493ece8951449b476c41532df72569b181
  UMCommon: c61df8457c275afd4f8a2fca10c7446d66220ac0
  UMDevice: 053478c4b4d7292f31f0a275c227d3c4007a5571
  UMPush: c420e1cf2d1c96f1257f390bc626314fb7e6d9e6
  UMShare: 84edf6d080f524d109271164ba2b07650f69d691

PODFILE CHECKSUM: c25455adcc221bf3032992e378ef104ebcf8aed9

COCOAPODS: 1.11.2
